
Microsoft Visual Studio Solution File, Format Version 12.00
# Visual Studio Version 16
VisualStudioVersion = 16.0.31005.135
MinimumVisualStudioVersion = 10.0.40219.1
Project("{FAE04EC0-301F-11D3-BF4B-00C04F79EFBC}") = "Choose your own adventure", "Choose your own adventure\Choose your own adventure.csproj", "{1D4FBAF2-B66A-4123-9FF8-36C27211F745}"
EndProject
Global
	GlobalSection(SolutionConfigurationPlatforms) = preSolution
		Debug|Any CPU = Debug|Any CPU
		Release|Any CPU = Release|Any CPU
	EndGlobalSection
	GlobalSection(ProjectConfigurationPlatforms) = postSolution
		{1D4FBAF2-B66A-4123-9FF8-36C27211F745}.Debug|Any CPU.ActiveCfg = Debug|Any CPU
		{1D4FBAF2-B66A-4123-9FF8-36C27211F745}.Debug|Any CPU.Build.0 = Debug|Any CPU
		{1D4FBAF2-B66A-4123-9FF8-36C27211F745}.Release|Any CPU.ActiveCfg = Release|Any CPU
		{1D4FBAF2-B66A-4123-9FF8-36C27211F745}.Release|Any CPU.Build.0 = Release|Any CPU
	EndGlobalSection
	GlobalSection(SolutionProperties) = preSolution
		HideSolutionNode = FALSE
	EndGlobalSection
	GlobalSection(ExtensibilityGlobals) = postSolution
		SolutionGuid = {A26E114E-CA4C-4255-A6B8-D9FF02A154E5}
	EndGlobalSection
EndGlobal
